{
  "version": 4,
  "terraform_version": "1.5.7",
  "serial": 35,
  "lineage": "75da9c34-f100-0b55-c064-23fca822cdf3",
  "outputs": {},
  "resources": [
    {
      "mode": "data",
      "type": "google_dns_managed_zone",
      "name": "env_dns_zone",
      "provider": "provider[\"registry.terraform.io/hashicorp/google\"]",
      "instances": [
        {
          "schema_version": 0,
          "attributes": {
            "description": "",
            "dns_name": "mllllm.com.",
            "id": "projects/duper-project-1/managedZones/mlllm",
            "managed_zone_id": 5301412178778018704,
            "name": "mlllm",
            "name_servers": [
              "ns-cloud-d1.googledomains.com.",
              "ns-cloud-d2.googledomains.com.",
              "ns-cloud-d3.googledomains.com.",
              "ns-cloud-d4.googledomains.com."
            ],
            "project": "duper-project-1",
            "visibility": "public"
          },
          "sensitive_attributes": []
        }
      ]
    },
    {
      "mode": "managed",
      "type": "google_cloud_run_service_iam_binding",
      "name": "invoker",
      "provider": "provider[\"registry.terraform.io/hashicorp/google\"]",
      "instances": [
        {
          "schema_version": 0,
          "attributes": {
            "condition": [],
            "etag": "BwZOYlFrHhE=",
            "id": "v1/projects/duper-project-1/locations/us-central1/services/litellm-proxy-tf/roles/run.invoker",
            "location": "us-central1",
            "members": [
              "allUsers"
            ],
            "project": "duper-project-1",
            "role": "roles/run.invoker",
            "service": "v1/projects/duper-project-1/locations/us-central1/services/litellm-proxy-tf"
          },
          "sensitive_attributes": [],
          "private": "bnVsbA==",
          "dependencies": [
            "google_cloud_run_v2_service.proxy",
            "google_service_account.proxy_sa"
          ]
        }
      ]
    },
    {
      "mode": "managed",
      "type": "google_cloud_run_v2_service",
      "name": "proxy",
      "provider": "provider[\"registry.terraform.io/hashicorp/google\"]",
      "instances": [
        {
          "schema_version": 0,
          "attributes": {
            "annotations": {},
            "binary_authorization": [],
            "client": "",
            "client_version": "",
            "conditions": [
              {
                "execution_reason": "",
                "last_transition_time": "2026-04-01T12:05:46.793033Z",
                "message": "",
                "reason": "",
                "revision_reason": "",
                "severity": "",
                "state": "CONDITION_SUCCEEDED",
                "type": "RoutesReady"
              },
              {
                "execution_reason": "",
                "last_transition_time": "2026-04-01T12:05:45.294540Z",
                "message": "",
                "reason": "",
                "revision_reason": "",
                "severity": "",
                "state": "CONDITION_SUCCEEDED",
                "type": "ConfigurationsReady"
              }
            ],
            "create_time": "2026-04-01T08:59:53.505714Z",
            "creator": "jjinseo-admin@jjinseo.altostrat.com",
            "custom_audiences": [],
            "delete_time": "",
            "description": "",
            "effective_annotations": {},
            "effective_labels": {},
            "etag": "\"CNiTtM4GEIiXlIYB/cHJvamVjdHMvZHVwZXItcHJvamVjdC0xL2xvY2F0aW9ucy91cy1jZW50cmFsMS9zZXJ2aWNlcy9saXRlbGxtLXByb3h5LXRm\"",
            "expire_time": "",
            "generation": "4",
            "id": "projects/duper-project-1/locations/us-central1/services/litellm-proxy-tf",
            "ingress": "INGRESS_TRAFFIC_INTERNAL_LOAD_BALANCER",
            "labels": {},
            "last_modifier": "jjinseo-admin@jjinseo.altostrat.com",
            "latest_created_revision": "projects/duper-project-1/locations/us-central1/services/litellm-proxy-tf/revisions/litellm-proxy-tf-00004-rxd",
            "latest_ready_revision": "projects/duper-project-1/locations/us-central1/services/litellm-proxy-tf/revisions/litellm-proxy-tf-00004-rxd",
            "launch_stage": "GA",
            "location": "us-central1",
            "name": "litellm-proxy-tf",
            "observed_generation": "4",
            "project": "duper-project-1",
            "reconciling": false,
            "template": [
              {
                "annotations": {},
                "containers": [
                  {
                    "args": [],
                    "command": [],
                    "depends_on": [],
                    "env": [
                      {
                        "name": "LITELLM_MASTER_KEY",
                        "value": "sk-litellm-master-key-2026",
                        "value_source": []
                      },
                      {
                        "name": "FORCE_REDEPLOY",
                        "value": "2",
                        "value_source": []
                      },
                      {
                        "name": "DATABASE_URL",
                        "value": "",
                        "value_source": [
                          {
                            "secret_key_ref": [
                              {
                                "secret": "database-url",
                                "version": "latest"
                              }
                            ]
                          }
                        ]
                      }
                    ],
                    "image": "us-central1-docker.pkg.dev/duper-project-1/litellm-repo/litellm-proxy:latest",
                    "liveness_probe": [],
                    "name": "",
                    "ports": [
                      {
                        "container_port": 8080,
                        "name": "http1"
                      }
                    ],
                    "resources": [
                      {
                        "cpu_idle": false,
                        "limits": {
                          "cpu": "4",
                          "memory": "8192Mi"
                        },
                        "startup_cpu_boost": false
                      }
                    ],
                    "startup_probe": [
                      {
                        "failure_threshold": 1,
                        "grpc": [],
                        "http_get": [],
                        "initial_delay_seconds": 0,
                        "period_seconds": 240,
                        "tcp_socket": [
                          {
                            "port": 8080
                          }
                        ],
                        "timeout_seconds": 240
                      }
                    ],
                    "volume_mounts": [],
                    "working_dir": ""
                  }
                ],
                "encryption_key": "",
                "execution_environment": "",
                "labels": {},
                "max_instance_request_concurrency": 80,
                "revision": "",
                "scaling": [],
                "service_account": "litellm-proxy-sa-tf@duper-project-1.iam.gserviceaccount.com",
                "session_affinity": false,
                "timeout": "300s",
                "volumes": [],
                "vpc_access": [
                  {
                    "connector": "",
                    "egress": "PRIVATE_RANGES_ONLY",
                    "network_interfaces": [
                      {
                        "network": "default",
                        "subnetwork": "default",
                        "tags": []
                      }
                    ]
                  }
                ]
              }
            ],
            "terminal_condition": [
              {
                "execution_reason": "",
                "last_transition_time": "2026-04-01T12:05:46.875628Z",
                "message": "",
                "reason": "",
                "revision_reason": "",
                "severity": "",
                "state": "CONDITION_SUCCEEDED",
                "type": "Ready"
              }
            ],
            "terraform_labels": {},
            "timeouts": null,
            "traffic": [
              {
                "percent": 100,
                "revision": "",
                "tag": "",
                "type": "TRAFFIC_TARGET_ALLOCATION_TYPE_LATEST"
              }
            ],
            "traffic_statuses": [
              {
                "percent": 100,
                "revision": "",
                "tag": "",
                "type": "TRAFFIC_TARGET_ALLOCATION_TYPE_LATEST",
                "uri": ""
              }
            ],
            "uid": "a56a590b-8f43-4f97-9221-b8649fe67d54",
            "update_time": "2026-04-01T12:04:40.281349Z",
            "uri": "https://litellm-proxy-tf-f7p5gpdmfa-uc.a.run.app"
          },
          "sensitive_attributes": [],
          "private": "eyJlMmJmYjczMC1lY2FhLTExZTYtOGY4OC0zNDM2M2JjN2M0YzAiOnsiY3JlYXRlIjoxMjAwMDAwMDAwMDAwLCJkZWxldGUiOjEyMDAwMDAwMDAwMDAsInVwZGF0ZSI6MTIwMDAwMDAwMDAwMH19",
          "dependencies": [
            "google_service_account.proxy_sa"
          ]
        }
      ]
    },
    {
      "mode": "managed",
      "type": "google_compute_backend_service",
      "name": "api_backend",
      "provider": "provider[\"registry.terraform.io/hashicorp/google\"]",
      "instances": [
        {
          "schema_version": 1,
          "attributes": {
            "affinity_cookie_ttl_sec": 0,
            "backend": [
              {
                "balancing_mode": "UTILIZATION",
                "capacity_scaler": 1,
                "description": "",
                "group": "https://www.googleapis.com/compute/v1/projects/duper-project-1/regions/us-central1/networkEndpointGroups/litellm-proxy-neg-tf",
                "max_connections": 0,
                "max_connections_per_endpoint": 0,
                "max_connections_per_instance": 0,
                "max_rate": 0,
                "max_rate_per_endpoint": 0,
                "max_rate_per_instance": 0,
                "max_utilization": 0
              }
            ],
            "cdn_policy": [],
            "circuit_breakers": [],
            "compression_mode": "",
            "connection_draining_timeout_sec": 300,
            "consistent_hash": [],
            "creation_timestamp": "2026-04-01T02:00:40.526-07:00",
            "custom_request_headers": [],
            "custom_response_headers": [],
            "description": "",
            "edge_security_policy": "",
            "enable_cdn": false,
            "fingerprint": "kdLAssg_dFU=",
            "generated_id": 5257015294498529367,
            "health_checks": [],
            "iap": [],
            "id": "projects/duper-project-1/global/backendServices/litellm-api-backend-tf",
            "load_balancing_scheme": "EXTERNAL",
            "locality_lb_policies": [],
            "locality_lb_policy": "",
            "log_config": [],
            "name": "litellm-api-backend-tf",
            "outlier_detection": [],
            "port_name": "http",
            "project": "duper-project-1",
            "protocol": "HTTPS",
            "security_policy": "https://www.googleapis.com/compute/v1/projects/duper-project-1/global/securityPolicies/litellm-api-policy-tf",
            "security_settings": [],
            "self_link": "https://www.googleapis.com/compute/v1/projects/duper-project-1/global/backendServices/litellm-api-backend-tf",
            "service_lb_policy": "",
            "session_affinity": "NONE",
            "timeout_sec": 30,
            "timeouts": null
          },
          "sensitive_attributes": [],
          "private": "eyJlMmJmYjczMC1lY2FhLTExZTYtOGY4OC0zNDM2M2JjN2M0YzAiOnsiY3JlYXRlIjoxMjAwMDAwMDAwMDAwLCJkZWxldGUiOjEyMDAwMDAwMDAwMDAsInVwZGF0ZSI6MTIwMDAwMDAwMDAwMH0sInNjaGVtYV92ZXJzaW9uIjoiMSJ9",
          "dependencies": [
            "google_cloud_run_v2_service.proxy",
            "google_compute_region_network_endpoint_group.serverless_neg",
            "google_compute_security_policy.api_policy",
            "google_service_account.proxy_sa"
          ]
        }
      ]
    },
    {
      "mode": "managed",
      "type": "google_compute_backend_service",
      "name": "iap_backend",
      "provider": "provider[\"registry.terraform.io/hashicorp/google\"]",
      "instances": [
        {
          "schema_version": 1,
          "attributes": {
            "affinity_cookie_ttl_sec": 0,
            "backend": [
              {
                "balancing_mode": "UTILIZATION",
                "capacity_scaler": 1,
                "description": "",
                "group": "https://www.googleapis.com/compute/v1/projects/duper-project-1/regions/us-central1/networkEndpointGroups/litellm-proxy-neg-tf",
                "max_connections": 0,
                "max_connections_per_endpoint": 0,
                "max_connections_per_instance": 0,
                "max_rate": 0,
                "max_rate_per_endpoint": 0,
                "max_rate_per_instance": 0,
                "max_utilization": 0
              }
            ],
            "cdn_policy": [],
            "circuit_breakers": [],
            "compression_mode": "",
            "connection_draining_timeout_sec": 300,
            "consistent_hash": [],
            "creation_timestamp": "2026-04-01T02:00:40.057-07:00",
            "custom_request_headers": [],
            "custom_response_headers": [],
            "description": "",
            "edge_security_policy": "",
            "enable_cdn": false,
            "fingerprint": "EujpTrFpNfE=",
            "generated_id": 114356801572528215,
            "health_checks": [],
            "iap": [
              {
                "oauth2_client_id": "",
                "oauth2_client_secret": "",
                "oauth2_client_secret_sha256": "e3b0c44298fc1c149afbf4c8996fb92427ae41e4649b934ca495991b7852b855"
              }
            ],
            "id": "projects/duper-project-1/global/backendServices/litellm-proxy-backend-tf",
            "load_balancing_scheme": "EXTERNAL",
            "locality_lb_policies": [],
            "locality_lb_policy": "",
            "log_config": [],
            "name": "litellm-proxy-backend-tf",
            "outlier_detection": [],
            "port_name": "http",
            "project": "duper-project-1",
            "protocol": "HTTPS",
            "security_policy": "",
            "security_settings": [],
            "self_link": "https://www.googleapis.com/compute/v1/projects/duper-project-1/global/backendServices/litellm-proxy-backend-tf",
            "service_lb_policy": "",
            "session_affinity": "NONE",
            "timeout_sec": 30,
            "timeouts": null
          },
          "sensitive_attributes": [],
          "private": "eyJlMmJmYjczMC1lY2FhLTExZTYtOGY4OC0zNDM2M2JjN2M0YzAiOnsiY3JlYXRlIjoxMjAwMDAwMDAwMDAwLCJkZWxldGUiOjEyMDAwMDAwMDAwMDAsInVwZGF0ZSI6MTIwMDAwMDAwMDAwMH0sInNjaGVtYV92ZXJzaW9uIjoiMSJ9",
          "dependencies": [
            "google_cloud_run_v2_service.proxy",
            "google_compute_region_network_endpoint_group.serverless_neg",
            "google_service_account.proxy_sa"
          ]
        }
      ]
    },
    {
      "mode": "managed",
      "type": "google_compute_global_address",
      "name": "default",
      "provider": "provider[\"registry.terraform.io/hashicorp/google\"]",
      "instances": [
        {
          "schema_version": 0,
          "attributes": {
            "address": "34.54.116.133",
            "address_type": "EXTERNAL",
            "creation_timestamp": "2026-04-01T01:51:47.260-07:00",
            "description": "",
            "effective_labels": {},
            "id": "projects/duper-project-1/global/addresses/litellm-proxy-ip-tf",
            "ip_version": "",
            "label_fingerprint": "42WmSpB8rSM=",
            "labels": {},
            "name": "litellm-proxy-ip-tf",
            "network": "",
            "prefix_length": 0,
            "project": "duper-project-1",
            "purpose": "",
            "self_link": "https://www.googleapis.com/compute/v1/projects/duper-project-1/global/addresses/litellm-proxy-ip-tf",
            "terraform_labels": {},
            "timeouts": null
          },
          "sensitive_attributes": [],
          "private": "eyJlMmJmYjczMC1lY2FhLTExZTYtOGY4OC0zNDM2M2JjN2M0YzAiOnsiY3JlYXRlIjoxMjAwMDAwMDAwMDAwLCJkZWxldGUiOjEyMDAwMDAwMDAwMDAsInVwZGF0ZSI6MTIwMDAwMDAwMDAwMH19"
        }
      ]
    },
    {
      "mode": "managed",
      "type": "google_compute_global_forwarding_rule",
      "name": "default",
      "provider": "provider[\"registry.terraform.io/hashicorp/google\"]",
      "instances": [
        {
          "schema_version": 0,
          "attributes": {
            "base_forwarding_rule": "",
            "description": "",
            "effective_labels": {},
            "id": "projects/duper-project-1/global/forwardingRules/litellm-proxy-forwarding-rule-tf",
            "ip_address": "34.54.116.133",
            "ip_protocol": "TCP",
            "ip_version": "",
            "label_fingerprint": "42WmSpB8rSM=",
            "labels": {},
            "load_balancing_scheme": "EXTERNAL",
            "metadata_filters": [],
            "name": "litellm-proxy-forwarding-rule-tf",
            "network": "",
            "no_automate_dns_zone": null,
            "port_range": "443-443",
            "project": "duper-project-1",
            "psc_connection_id": "",
            "psc_connection_status": "",
            "self_link": "https://www.googleapis.com/compute/v1/projects/duper-project-1/global/forwardingRules/litellm-proxy-forwarding-rule-tf",
            "service_directory_registrations": [],
            "source_ip_ranges": [],
            "subnetwork": "",
            "target": "https://www.googleapis.com/compute/v1/projects/duper-project-1/global/targetHttpsProxies/litellm-proxy-https-proxy-tf",
            "terraform_labels": {},
            "timeouts": null
          },
          "sensitive_attributes": [],
          "private": "eyJlMmJmYjczMC1lY2FhLTExZTYtOGY4OC0zNDM2M2JjN2M0YzAiOnsiY3JlYXRlIjoxMjAwMDAwMDAwMDAwLCJkZWxldGUiOjEyMDAwMDAwMDAwMDAsInVwZGF0ZSI6MTIwMDAwMDAwMDAwMH19",
          "dependencies": [
            "google_cloud_run_v2_service.proxy",
            "google_compute_backend_service.api_backend",
            "google_compute_backend_service.iap_backend",
            "google_compute_global_address.default",
            "google_compute_managed_ssl_certificate.default",
            "google_compute_region_network_endpoint_group.serverless_neg",
            "google_compute_security_policy.api_policy",
            "google_compute_target_https_proxy.default",
            "google_compute_url_map.url_map",
            "google_service_account.proxy_sa"
          ]
        }
      ]
    },
    {
      "mode": "managed",
      "type": "google_compute_managed_ssl_certificate",
      "name": "default",
      "provider": "provider[\"registry.terraform.io/hashicorp/google\"]",
      "instances": [
        {
          "schema_version": 0,
          "attributes": {
            "certificate_id": 260659468031844940,
            "creation_timestamp": "2026-04-01T01:51:47.122-07:00",
            "description": "",
            "expire_time": "2026-06-30T01:51:48.000-07:00",
            "id": "projects/duper-project-1/global/sslCertificates/litellm-proxy-cert-tf",
            "managed": [
              {
                "domains": [
                  "mllllm.com"
                ]
              }
            ],
            "name": "litellm-proxy-cert-tf",
            "project": "duper-project-1",
            "self_link": "https://www.googleapis.com/compute/v1/projects/duper-project-1/global/sslCertificates/litellm-proxy-cert-tf",
            "subject_alternative_names": [
              "mllllm.com"
            ],
            "timeouts": null,
            "type": "MANAGED"
          },
          "sensitive_attributes": [],
          "private": "eyJlMmJmYjczMC1lY2FhLTExZTYtOGY4OC0zNDM2M2JjN2M0YzAiOnsiY3JlYXRlIjoxODAwMDAwMDAwMDAwLCJkZWxldGUiOjE4MDAwMDAwMDAwMDB9fQ=="
        }
      ]
    },
    {
      "mode": "managed",
      "type": "google_compute_project_default_network_tier",
      "name": "default",
      "provider": "provider[\"registry.terraform.io/hashicorp/google\"]",
      "instances": [
        {
          "schema_version": 0,
          "attributes": {
            "id": "duper-project-1",
            "network_tier": "PREMIUM",
            "project": "duper-project-1",
            "timeouts": null
          },
          "sensitive_attributes": [],
          "private": "eyJlMmJmYjczMC1lY2FhLTExZTYtOGY4OC0zNDM2M2JjN2M0YzAiOnsiY3JlYXRlIjoyNDAwMDAwMDAwMDB9fQ=="
        }
      ]
    },
    {
      "mode": "managed",
      "type": "google_compute_region_network_endpoint_group",
      "name": "serverless_neg",
      "provider": "provider[\"registry.terraform.io/hashicorp/google\"]",
      "instances": [
        {
          "schema_version": 0,
          "attributes": {
            "app_engine": [],
            "cloud_function": [],
            "cloud_run": [
              {
                "service": "litellm-proxy-tf",
                "tag": "",
                "url_mask": ""
              }
            ],
            "description": "",
            "id": "projects/duper-project-1/regions/us-central1/networkEndpointGroups/litellm-proxy-neg-tf",
            "name": "litellm-proxy-neg-tf",
            "network": "",
            "network_endpoint_type": "SERVERLESS",
            "project": "duper-project-1",
            "psc_target_service": "",
            "region": "https://www.googleapis.com/compute/v1/projects/duper-project-1/regions/us-central1",
            "self_link": "https://www.googleapis.com/compute/v1/projects/duper-project-1/regions/us-central1/networkEndpointGroups/litellm-proxy-neg-tf",
            "subnetwork": "",
            "timeouts": null
          },
          "sensitive_attributes": [],
          "private": "eyJlMmJmYjczMC1lY2FhLTExZTYtOGY4OC0zNDM2M2JjN2M0YzAiOnsiY3JlYXRlIjoxMjAwMDAwMDAwMDAwLCJkZWxldGUiOjEyMDAwMDAwMDAwMDB9fQ==",
          "dependencies": [
            "google_cloud_run_v2_service.proxy",
            "google_service_account.proxy_sa"
          ]
        }
      ]
    },
    {
      "mode": "managed",
      "type": "google_compute_security_policy",
      "name": "api_policy",
      "provider": "provider[\"registry.terraform.io/hashicorp/google\"]",
      "instances": [
        {
          "schema_version": 0,
          "attributes": {
            "adaptive_protection_config": [],
            "advanced_options_config": [],
            "description": "Block all except allowed IP",
            "fingerprint": "AtCT3rXg3M0=",
            "id": "projects/duper-project-1/global/securityPolicies/litellm-api-policy-tf",
            "name": "litellm-api-policy-tf",
            "project": "duper-project-1",
            "recaptcha_options_config": [],
            "rule": [
              {
                "action": "allow",
                "description": "Allow user IP",
                "header_action": [],
                "match": [
                  {
                    "config": [
                      {
                        "src_ip_ranges": [
                          "112.168.208.241/32"
                        ]
                      }
                    ],
                    "expr": [],
                    "expr_options": [],
                    "versioned_expr": "SRC_IPS_V1"
                  }
                ],
                "preview": false,
                "priority": 1000,
                "rate_limit_options": [],
                "redirect_options": []
              },
              {
                "action": "deny(403)",
                "description": "Default deny all",
                "header_action": [],
                "match": [
                  {
                    "config": [
                      {
                        "src_ip_ranges": [
                          "*"
                        ]
                      }
                    ],
                    "expr": [],
                    "expr_options": [],
                    "versioned_expr": "SRC_IPS_V1"
                  }
                ],
                "preview": false,
                "priority": 2147483647,
                "rate_limit_options": [],
                "redirect_options": []
              }
            ],
            "self_link": "https://www.googleapis.com/compute/v1/projects/duper-project-1/global/securityPolicies/litellm-api-policy-tf",
            "timeouts": null,
            "type": "CLOUD_ARMOR"
          },
          "sensitive_attributes": [],
          "private": "eyJlMmJmYjczMC1lY2FhLTExZTYtOGY4OC0zNDM2M2JjN2M0YzAiOnsiY3JlYXRlIjoxMjAwMDAwMDAwMDAwLCJkZWxldGUiOjEyMDAwMDAwMDAwMDAsInVwZGF0ZSI6MTIwMDAwMDAwMDAwMH19"
        }
      ]
    },
    {
      "mode": "managed",
      "type": "google_compute_target_https_proxy",
      "name": "default",
      "provider": "provider[\"registry.terraform.io/hashicorp/google\"]",
      "instances": [
        {
          "schema_version": 0,
          "attributes": {
            "certificate_manager_certificates": [],
            "certificate_map": "",
            "creation_timestamp": "2026-04-01T02:01:47.237-07:00",
            "description": "",
            "http_keep_alive_timeout_sec": 0,
            "id": "projects/duper-project-1/global/targetHttpsProxies/litellm-proxy-https-proxy-tf",
            "name": "litellm-proxy-https-proxy-tf",
            "project": "duper-project-1",
            "proxy_bind": false,
            "proxy_id": 7410620735479177236,
            "quic_override": "NONE",
            "self_link": "https://www.googleapis.com/compute/v1/projects/duper-project-1/global/targetHttpsProxies/litellm-proxy-https-proxy-tf",
            "server_tls_policy": "",
            "ssl_certificates": [
              "https://www.googleapis.com/compute/v1/projects/duper-project-1/global/sslCertificates/litellm-proxy-cert-tf"
            ],
            "ssl_policy": "",
            "timeouts": null,
            "tls_early_data": "DISABLED",
            "url_map": "https://www.googleapis.com/compute/v1/projects/duper-project-1/global/urlMaps/litellm-proxy-url-map-tf"
          },
          "sensitive_attributes": [],
          "private": "eyJlMmJmYjczMC1lY2FhLTExZTYtOGY4OC0zNDM2M2JjN2M0YzAiOnsiY3JlYXRlIjoxMjAwMDAwMDAwMDAwLCJkZWxldGUiOjEyMDAwMDAwMDAwMDAsInVwZGF0ZSI6MTIwMDAwMDAwMDAwMH19",
          "dependencies": [
            "google_cloud_run_v2_service.proxy",
            "google_compute_backend_service.api_backend",
            "google_compute_backend_service.iap_backend",
            "google_compute_managed_ssl_certificate.default",
            "google_compute_region_network_endpoint_group.serverless_neg",
            "google_compute_security_policy.api_policy",
            "google_compute_url_map.url_map",
            "google_service_account.proxy_sa"
          ]
        }
      ]
    },
    {
      "mode": "managed",
      "type": "google_compute_url_map",
      "name": "url_map",
      "provider": "provider[\"registry.terraform.io/hashicorp/google\"]",
      "instances": [
        {
          "schema_version": 0,
          "attributes": {
            "creation_timestamp": "2026-04-01T02:01:35.366-07:00",
            "default_route_action": [],
            "default_service": "https://www.googleapis.com/compute/v1/projects/duper-project-1/global/backendServices/litellm-api-backend-tf",
            "default_url_redirect": [],
            "description": "",
            "fingerprint": "Oben-sz9nN8=",
            "header_action": [],
            "host_rule": [
              {
                "description": "",
                "hosts": [
                  "mllllm.com"
                ],
                "path_matcher": "litellm-matcher"
              }
            ],
            "id": "projects/duper-project-1/global/urlMaps/litellm-proxy-url-map-tf",
            "map_id": 7735397654072483840,
            "name": "litellm-proxy-url-map-tf",
            "path_matcher": [
              {
                "default_route_action": [],
                "default_service": "https://www.googleapis.com/compute/v1/projects/duper-project-1/global/backendServices/litellm-api-backend-tf",
                "default_url_redirect": [],
                "description": "",
                "header_action": [],
                "name": "litellm-matcher",
                "path_rule": [
                  {
                    "paths": [
                      "/ui",
                      "/ui/*"
                    ],
                    "route_action": [],
                    "service": "https://www.googleapis.com/compute/v1/projects/duper-project-1/global/backendServices/litellm-proxy-backend-tf",
                    "url_redirect": []
                  },
                  {
                    "paths": [
                      "/v1",
                      "/v1/*"
                    ],
                    "route_action": [],
                    "service": "https://www.googleapis.com/compute/v1/projects/duper-project-1/global/backendServices/litellm-api-backend-tf",
                    "url_redirect": []
                  }
                ],
                "route_rules": []
              }
            ],
            "project": "duper-project-1",
            "self_link": "https://www.googleapis.com/compute/v1/projects/duper-project-1/global/urlMaps/litellm-proxy-url-map-tf",
            "test": [],
            "timeouts": null
          },
          "sensitive_attributes": [],
          "private": "eyJlMmJmYjczMC1lY2FhLTExZTYtOGY4OC0zNDM2M2JjN2M0YzAiOnsiY3JlYXRlIjoxMjAwMDAwMDAwMDAwLCJkZWxldGUiOjEyMDAwMDAwMDAwMDAsInVwZGF0ZSI6MTIwMDAwMDAwMDAwMH19",
          "dependencies": [
            "google_cloud_run_v2_service.proxy",
            "google_compute_backend_service.api_backend",
            "google_compute_backend_service.iap_backend",
            "google_compute_region_network_endpoint_group.serverless_neg",
            "google_compute_security_policy.api_policy",
            "google_service_account.proxy_sa"
          ]
        }
      ]
    },
    {
      "mode": "managed",
      "type": "google_dns_record_set",
      "name": "a_record",
      "provider": "provider[\"registry.terraform.io/hashicorp/google\"]",
      "instances": [
        {
          "schema_version": 0,
          "attributes": {
            "id": "projects/duper-project-1/managedZones/mlllm/rrsets/mllllm.com./A",
            "managed_zone": "mlllm",
            "name": "mllllm.com.",
            "project": "duper-project-1",
            "routing_policy": [],
            "rrdatas": [
              "34.54.116.133"
            ],
            "ttl": 300,
            "type": "A"
          },
          "sensitive_attributes": [],
          "private": "bnVsbA==",
          "dependencies": [
            "data.google_dns_managed_zone.env_dns_zone",
            "google_compute_global_address.default"
          ]
        }
      ]
    },
    {
      "mode": "managed",
      "type": "google_iap_web_backend_service_iam_member",
      "name": "iap_accessor",
      "provider": "provider[\"registry.terraform.io/hashicorp/google\"]",
      "instances": [
        {
          "schema_version": 0,
          "attributes": {
            "condition": [],
            "etag": "BwZOYlODEgo=",
            "id": "projects/duper-project-1/iap_web/compute/services/litellm-proxy-backend-tf/roles/iap.httpsResourceAccessor/user:jjinseo-admin@jjinseo.altostrat.com",
            "member": "user:jjinseo-admin@jjinseo.altostrat.com",
            "project": "duper-project-1",
            "role": "roles/iap.httpsResourceAccessor",
            "web_backend_service": "projects/duper-project-1/iap_web/compute/services/litellm-proxy-backend-tf"
          },
          "sensitive_attributes": [],
          "private": "bnVsbA==",
          "dependencies": [
            "google_cloud_run_v2_service.proxy",
            "google_compute_backend_service.iap_backend",
            "google_compute_region_network_endpoint_group.serverless_neg",
            "google_service_account.proxy_sa"
          ]
        }
      ]
    },
    {
      "mode": "managed",
      "type": "google_project_iam_member",
      "name": "secret_accessor",
      "provider": "provider[\"registry.terraform.io/hashicorp/google\"]",
      "instances": [
        {
          "schema_version": 0,
          "attributes": {
            "condition": [],
            "etag": "BwZOZL+WMmI=",
            "id": "duper-project-1/roles/secretmanager.secretAccessor/serviceAccount:litellm-proxy-sa-tf@duper-project-1.iam.gserviceaccount.com",
            "member": "serviceAccount:litellm-proxy-sa-tf@duper-project-1.iam.gserviceaccount.com",
            "project": "duper-project-1",
            "role": "roles/secretmanager.secretAccessor"
          },
          "sensitive_attributes": [],
          "private": "bnVsbA==",
          "dependencies": [
            "google_service_account.proxy_sa"
          ]
        }
      ]
    },
    {
      "mode": "managed",
      "type": "google_project_iam_member",
      "name": "vertex_ai_user",
      "provider": "provider[\"registry.terraform.io/hashicorp/google\"]",
      "instances": [
        {
          "schema_version": 0,
          "attributes": {
            "condition": [],
            "etag": "BwZOZL+WMmI=",
            "id": "duper-project-1/roles/aiplatform.user/serviceAccount:litellm-proxy-sa-tf@duper-project-1.iam.gserviceaccount.com",
            "member": "serviceAccount:litellm-proxy-sa-tf@duper-project-1.iam.gserviceaccount.com",
            "project": "duper-project-1",
            "role": "roles/aiplatform.user"
          },
          "sensitive_attributes": [],
          "private": "bnVsbA==",
          "dependencies": [
            "google_service_account.proxy_sa"
          ]
        }
      ]
    },
    {
      "mode": "managed",
      "type": "google_service_account",
      "name": "proxy_sa",
      "provider": "provider[\"registry.terraform.io/hashicorp/google\"]",
      "instances": [
        {
          "schema_version": 0,
          "attributes": {
            "account_id": "litellm-proxy-sa-tf",
            "create_ignore_already_exists": null,
            "description": "",
            "disabled": false,
            "display_name": "LiteLLM Proxy Service Account (TF)",
            "email": "litellm-proxy-sa-tf@duper-project-1.iam.gserviceaccount.com",
            "id": "projects/duper-project-1/serviceAccounts/litellm-proxy-sa-tf@duper-project-1.iam.gserviceaccount.com",
            "member": "serviceAccount:litellm-proxy-sa-tf@duper-project-1.iam.gserviceaccount.com",
            "name": "projects/duper-project-1/serviceAccounts/litellm-proxy-sa-tf@duper-project-1.iam.gserviceaccount.com",
            "project": "duper-project-1",
            "timeouts": null,
            "unique_id": "102570515789666547848"
          },
          "sensitive_attributes": [],
          "private": "eyJlMmJmYjczMC1lY2FhLTExZTYtOGY4OC0zNDM2M2JjN2M0YzAiOnsiY3JlYXRlIjozMDAwMDAwMDAwMDB9fQ=="
        }
      ]
    }
  ],
  "check_results": null
}
